// !$*UTF8*$!
{
	archiveVersion = 1;
	classes = {
	};
	objectVersion = 56;
	objects = {

/* Begin PBXBuildFile section */
		4314B53129B370B600BA3ED5 /* DummyViewController.swift in Sources */ = {isa = PBXBuildFile; fileRef = 4314B53029B370B600BA3ED5 /* DummyViewController.swift */; };
		4314B53429B387E400BA3ED5 /* LocalState.swift in Sources */ = {isa = PBXBuildFile; fileRef = 4314B53329B387E400BA3ED5 /* LocalState.swift */; };
		43224FF929AB827A0054A0C5 /* AppDelegate.swift in Sources */ = {isa = PBXBuildFile; fileRef = 43224FF829AB827A0054A0C5 /* AppDelegate.swift */; };
		43224FFD29AB827A0054A0C5 /* LoginViewController.swift in Sources */ = {isa = PBXBuildFile; fileRef = 43224FFC29AB827A0054A0C5 /* LoginViewController.swift */; };
		4322500229AB827C0054A0C5 /* Assets.xcassets in Resources */ = {isa = PBXBuildFile; fileRef = 4322500129AB827C0054A0C5 /* Assets.xcassets */; };
		4322500529AB827C0054A0C5 /* LaunchScreen.storyboard in Resources */ = {isa = PBXBuildFile; fileRef = 4322500329AB827C0054A0C5 /* LaunchScreen.storyboard */; };
		4322500F29AB89C90054A0C5 /* LoginView.swift in Sources */ = {isa = PBXBuildFile; fileRef = 4322500E29AB89C90054A0C5 /* LoginView.swift */; };
		43AD61CF29B13586003696AC /* OnboardingContainerViewContainer.swift in Sources */ = {isa = PBXBuildFile; fileRef = 43AD61CE29B13586003696AC /* OnboardingContainerViewContainer.swift */; };
		43AD61D129B13B76003696AC /* OnboardingViewController.swift in Sources */ = {isa = PBXBuildFile; fileRef = 43AD61D029B13B76003696AC /* OnboardingViewController.swift */; };
/* End PBXBuildFile section */

/* Begin PBXFileReference section */
		4314B53029B370B600BA3ED5 /* DummyViewController.swift */ = {isa = PBXFileReference; lastKnownFileType = sourcecode.swift; path = DummyViewController.swift; sourceTree = "<group>"; };
		4314B53329B387E400BA3ED5 /* LocalState.swift */ = {isa = PBXFileReference; lastKnownFileType = sourcecode.swift; path = LocalState.swift; sourceTree = "<group>"; };
		43224FF529AB827A0054A0C5 /* KitBank.app */ = {isa = PBXFileReference; explicitFileType = wrapper.application; includeInIndex = 0; path = KitBank.app; sourceTree = BUILT_PRODUCTS_DIR; };
		43224FF829AB827A0054A0C5 /* AppDelegate.swift */ = {isa = PBXFileReference; lastKnownFileType = sourcecode.swift; path = AppDelegate.swift; sourceTree = "<group>"; };
		43224FFC29AB827A0054A0C5 /* LoginViewController.swift */ = {isa = PBXFileReference; lastKnownFileType = sourcecode.swift; path = LoginViewController.swift; sourceTree = "<group>"; };
		4322500129AB827C0054A0C5 /* Assets.xcassets */ = {isa = PBXFileReference; lastKnownFileType = folder.assetcatalog; path = Assets.xcassets; sourceTree = "<group>"; };
		4322500429AB827C0054A0C5 /* Base */ = {isa = PBXFileReference; lastKnownFileType = file.storyboard; name = Base; path = Base.lproj/LaunchScreen.storyboard; sourceTree = "<group>"; };
		4322500629AB827C0054A0C5 /* Info.plist */ = {isa = PBXFileReference; lastKnownFileType = text.plist.xml; path = Info.plist; sourceTree = "<group>"; };
		4322500E29AB89C90054A0C5 /* LoginView.swift */ = {isa = PBXFileReference; lastKnownFileType = sourcecode.swift; path = LoginView.swift; sourceTree = "<group>"; };
		43AD61CE29B13586003696AC /* OnboardingContainerViewContainer.swift */ = {isa = PBXFileReference; lastKnownFileType = sourcecode.swift; name = OnboardingContainerViewContainer.swift; path = ../../../../OnboardingContainerViewContainer.swift; sourceTree = "<group>"; };
		43AD61D029B13B76003696AC /* OnboardingViewController.swift */ = {isa = PBXFileReference; lastKnownFileType = sourcecode.swift; path = OnboardingViewController.swift; sourceTree = "<group>"; };
/* End PBXFileReference section */

/* Begin PBXFrameworksBuildPhase section */
		43224FF229AB827A0054A0C5 /* Frameworks */ = {
			isa = PBXFrameworksBuildPhase;
			buildActionMask = 2147483647;
			files = (
			);
			runOnlyForDeploymentPostprocessing = 0;
		};
/* End PBXFrameworksBuildPhase section */

/* Begin PBXGroup section */
		4314B53229B387D700BA3ED5 /* Utils */ = {
			isa = PBXGroup;
			children = (
				4314B53329B387E400BA3ED5 /* LocalState.swift */,
			);
			path = Utils;
			sourceTree = "<group>";
		};
		43224FEC29AB827A0054A0C5 = {
			isa = PBXGroup;
			children = (
				43224FF729AB827A0054A0C5 /* KitBank */,
				43224FF629AB827A0054A0C5 /* Products */,
			);
			sourceTree = "<group>";
		};
		43224FF629AB827A0054A0C5 /* Products */ = {
			isa = PBXGroup;
			children = (
				43224FF529AB827A0054A0C5 /* KitBank.app */,
			);
			name = Products;
			sourceTree = "<group>";
		};
		43224FF729AB827A0054A0C5 /* KitBank */ = {
			isa = PBXGroup;
			children = (
				4314B53229B387D700BA3ED5 /* Utils */,
				43AD61CD29B13560003696AC /* Onboarding */,
				4322500D29AB89A50054A0C5 /* Login */,
				4322500C29AB896F0054A0C5 /* Files */,
				43224FF829AB827A0054A0C5 /* AppDelegate.swift */,
			);
			path = KitBank;
			sourceTree = "<group>";
		};
		4322500C29AB896F0054A0C5 /* Files */ = {
			isa = PBXGroup;
			children = (
				4322500129AB827C0054A0C5 /* Assets.xcassets */,
				4322500329AB827C0054A0C5 /* LaunchScreen.storyboard */,
				4322500629AB827C0054A0C5 /* Info.plist */,
			);
			name = Files;
			sourceTree = "<group>";
		};
		4322500D29AB89A50054A0C5 /* Login */ = {
			isa = PBXGroup;
			children = (
				43224FFC29AB827A0054A0C5 /* LoginViewController.swift */,
				4322500E29AB89C90054A0C5 /* LoginView.swift */,
				4314B53029B370B600BA3ED5 /* DummyViewController.swift */,
			);
			path = Login;
			sourceTree = "<group>";
		};
		43AD61CD29B13560003696AC /* Onboarding */ = {
			isa = PBXGroup;
			children = (
				43AD61CE29B13586003696AC /* OnboardingContainerViewContainer.swift */,
				43AD61D029B13B76003696AC /* OnboardingViewController.swift */,
			);
			path = Onboarding;
			sourceTree = "<group>";
		};
/* End PBXGroup section */

/* Begin PBXNativeTarget section */
		43224FF429AB827A0054A0C5 /* KitBank */ = {
			isa = PBXNativeTarget;
			buildConfigurationList = 4322500929AB827C0054A0C5 /* Build configuration list for PBXNativeTarget "KitBank" */;
			buildPhases = (
				43224FF129AB827A0054A0C5 /* Sources */,
				43224FF229AB827A0054A0C5 /* Frameworks */,
				43224FF329AB827A0054A0C5 /* Resources */,
			);
			buildRules = (
			);
			dependencies = (
			);
			name = KitBank;
			productName = KitBank;
			productReference = 43224FF529AB827A0054A0C5 /* KitBank.app */;
			productType = "com.apple.product-type.application";
		};
/* End PBXNativeTarget section */

/* Begin PBXProject section */
		43224FED29AB827A0054A0C5 /* Project object */ = {
			isa = PBXProject;
			attributes = {
				BuildIndependentTargetsInParallel = 1;
				LastSwiftUpdateCheck = 1420;
				LastUpgradeCheck = 1420;
				TargetAttributes = {
					43224FF429AB827A0054A0C5 = {
						CreatedOnToolsVersion = 14.2;
					};
				};
			};
			buildConfigurationList = 43224FF029AB827A0054A0C5 /* Build configuration list for PBXProject "KitBank" */;
			compatibilityVersion = "Xcode 14.0";
			developmentRegion = en;
			hasScannedForEncodings = 0;
			knownRegions = (
				en,
				Base,
			);
			mainGroup = 43224FEC29AB827A0054A0C5;
			productRefGroup = 43224FF629AB827A0054A0C5 /* Products */;
			projectDirPath = "";
			projectRoot = "";
			targets = (
				43224FF429AB827A0054A0C5 /* KitBank */,
			);
		};
/* End PBXProject section */

/* Begin PBXResourcesBuildPhase section */
		43224FF329AB827A0054A0C5 /* Resources */ = {
			isa = PBXResourcesBuildPhase;
			buildActionMask = 2147483647;
			files = (
				4322500529AB827C0054A0C5 /* LaunchScreen.storyboard in Resources */,
				4322500229AB827C0054A0C5 /* Assets.xcassets in Resources */,
			);
			runOnlyForDeploymentPostprocessing = 0;
		};
/* End PBXResourcesBuildPhase section */

/* Begin PBXSourcesBuildPhase section */
		43224FF129AB827A0054A0C5 /* Sources */ = {
			isa = PBXSourcesBuildPhase;
			buildActionMask = 2147483647;
			files = (
				4322500F29AB89C90054A0C5 /* LoginView.swift in Sources */,
				4314B53429B387E400BA3ED5 /* LocalState.swift in Sources */,
				4314B53129B370B600BA3ED5 /* DummyViewController.swift in Sources */,
				43AD61CF29B13586003696AC /* OnboardingContainerViewContainer.swift in Sources */,
				43AD61D129B13B76003696AC /* OnboardingViewController.swift in Sources */,
				43224FFD29AB827A0054A0C5 /* LoginViewController.swift in Sources */,
				43224FF929AB827A0054A0C5 /* AppDelegate.swift in Sources */,
			);
			runOnlyForDeploymentPostprocessing = 0;
		};
/* End PBXSourcesBuildPhase section */

/* Begin PBXVariantGroup section */
		4322500329AB827C0054A0C5 /* LaunchScreen.storyboard */ = {
			isa = PBXVariantGroup;
			children = (
				4322500429AB827C0054A0C5 /* Base */,
			);
			name = LaunchScreen.storyboard;
			sourceTree = "<group>";
		};
/* End PBXVariantGroup section */

/* Begin XCBuildConfiguration section */
		4322500729AB827C0054A0C5 /* Debug */ = {
			isa = XCBuildConfiguration;
			buildSettings = {
				ALWAYS_SEARCH_USER_PATHS = NO;
				CLANG_ANALYZER_NONNULL = YES;
				CLANG_ANALYZER_NUMBER_OBJECT_CONVERSION = YES_AGGRESSIVE;
				CLANG_CXX_LANGUAGE_STANDARD = "gnu++20";
				CLANG_ENABLE_MODULES = YES;
				CLANG_ENABLE_OBJC_ARC = YES;
				CLANG_ENABLE_OBJC_WEAK = YES;
				CLANG_WARN_BLOCK_CAPTURE_AUTORELEASING = YES;
				CLANG_WARN_BOOL_CONVERSION = YES;
				CLANG_WARN_COMMA = YES;
				CLANG_WARN_CONSTANT_CONVERSION = YES;
				CLANG_WARN_DEPRECATED_OBJC_IMPLEMENTATIONS = YES;
				CLANG_WARN_DIRECT_OBJC_ISA_USAGE = YES_ERROR;
				CLANG_WARN_DOCUMENTATION_COMMENTS = YES;
				CLANG_WARN_EMPTY_BODY = YES;
				CLANG_WARN_ENUM_CONVERSION = YES;
				CLANG_WARN_INFINITE_RECURSION = YES;
				CLANG_WARN_INT_CONVERSION = YES;
				CLANG_WARN_NON_LITERAL_NULL_CONVERSION = YES;
				CLANG_WARN_OBJC_IMPLICIT_RETAIN_SELF = YES;
				CLANG_WARN_OBJC_LITERAL_CONVERSION = YES;
				CLANG_WARN_OBJC_ROOT_CLASS = YES_ERROR;
				CLANG_WARN_QUOTED_INCLUDE_IN_FRAMEWORK_HEADER = YES;
				CLANG_WARN_RANGE_LOOP_ANALYSIS = YES;
				CLANG_WARN_STRICT_PROTOTYPES = YES;
				CLANG_WARN_SUSPICIOUS_MOVE = YES;
				CLANG_WARN_UNGUARDED_AVAILABILITY = YES_AGGRESSIVE;
				CLANG_WARN_UNREACHABLE_CODE = YES;
				CLANG_WARN__DUPLICATE_METHOD_MATCH = YES;
				COPY_PHASE_STRIP = NO;
				DEBUG_INFORMATION_FORMAT = dwarf;
				ENABLE_STRICT_OBJC_MSGSEND = YES;
				ENABLE_TESTABILITY = YES;
				GCC_C_LANGUAGE_STANDARD = gnu11;
				GCC_DYNAMIC_NO_PIC = NO;
				GCC_NO_COMMON_BLOCKS = YES;
				GCC_OPTIMIZATION_LEVEL = 0;
				GCC_PREPROCESSOR_DEFINITIONS = (
					"DEBUG=1",
					"$(inherited)",
				);
				GCC_WARN_64_TO_32_BIT_CONVERSION = YES;
				GCC_WARN_ABOUT_RETURN_TYPE = YES_ERROR;
				GCC_WARN_UNDECLARED_SELECTOR = YES;
				GCC_WARN_UNINITIALIZED_AUTOS = YES_AGGRESSIVE;
				GCC_WARN_UNUSED_FUNCTION = YES;
				GCC_WARN_UNUSED_VARIABLE = YES;
				IPHONEOS_DEPLOYMENT_TARGET = 16.2;
				MTL_ENABLE_DEBUG_INFO = INCLUDE_SOURCE;
				MTL_FAST_MATH = YES;
				ONLY_ACTIVE_ARCH = YES;
				SDKROOT = iphoneos;
				SWIFT_ACTIVE_COMPILATION_CONDITIONS = DEBUG;
				SWIFT_OPTIMIZATION_LEVEL = "-Onone";
			};
			name = Debug;
		};
		4322500829AB827C0054A0C5 /* Release */ = {
			isa = XCBuildConfiguration;
			buildSettings = {
				ALWAYS_SEARCH_USER_PATHS = NO;
				CLANG_ANALYZER_NONNULL = YES;
				CLANG_ANALYZER_NUMBER_OBJECT_CONVERSION = YES_AGGRESSIVE;
				CLANG_CXX_LANGUAGE_STANDARD = "gnu++20";
				CLANG_ENABLE_MODULES = YES;
				CLANG_ENABLE_OBJC_ARC = YES;
				CLANG_ENABLE_OBJC_WEAK = YES;
				CLANG_WARN_BLOCK_CAPTURE_AUTORELEASING = YES;
				CLANG_WARN_BOOL_CONVERSION = YES;
				CLANG_WARN_COMMA = YES;
				CLANG_WARN_CONSTANT_CONVERSION = YES;
				CLANG_WARN_DEPRECATED_OBJC_IMPLEMENTATIONS = YES;
				CLANG_WARN_DIRECT_OBJC_ISA_USAGE = YES_ERROR;
				CLANG_WARN_DOCUMENTATION_COMMENTS = YES;
				CLANG_WARN_EMPTY_BODY = YES;
				CLANG_WARN_ENUM_CONVERSION = YES;
				CLANG_WARN_INFINITE_RECURSION = YES;
				CLANG_WARN_INT_CONVERSION = YES;
				CLANG_WARN_NON_LITERAL_NULL_CONVERSION = YES;
				CLANG_WARN_OBJC_IMPLICIT_RETAIN_SELF = YES;
				CLANG_WARN_OBJC_LITERAL_CONVERSION = YES;
				CLANG_WARN_OBJC_ROOT_CLASS = YES_ERROR;
				CLANG_WARN_QUOTED_INCLUDE_IN_FRAMEWORK_HEADER = YES;
				CLANG_WARN_RANGE_LOOP_ANALYSIS = YES;
				CLANG_WARN_STRICT_PROTOTYPES = YES;
				CLANG_WARN_SUSPICIOUS_MOVE = YES;
				CLANG_WARN_UNGUARDED_AVAILABILITY = YES_AGGRESSIVE;
				CLANG_WARN_UNREACHABLE_CODE = YES;
				CLANG_WARN__DUPLICATE_METHOD_MATCH = YES;
				COPY_PHASE_STRIP = NO;
				DEBUG_INFORMATION_FORMAT = "dwarf-with-dsym";
				ENABLE_NS_ASSERTIONS = NO;
				ENABLE_STRICT_OBJC_MSGSEND = YES;
				GCC_C_LANGUAGE_STANDARD = gnu11;
				GCC_NO_COMMON_BLOCKS = YES;
				GCC_WARN_64_TO_32_BIT_CONVERSION = YES;
				GCC_WARN_ABOUT_RETURN_TYPE = YES_ERROR;
				GCC_WARN_UNDECLARED_SELECTOR = YES;
				GCC_WARN_UNINITIALIZED_AUTOS = YES_AGGRESSIVE;
				GCC_WARN_UNUSED_FUNCTION = YES;
				GCC_WARN_UNUSED_VARIABLE = YES;
				IPHONEOS_DEPLOYMENT_TARGET = 16.2;
				MTL_ENABLE_DEBUG_INFO = NO;
				MTL_FAST_MATH = YES;
				SDKROOT = iphoneos;
				SWIFT_COMPILATION_MODE = wholemodule;
				SWIFT_OPTIMIZATION_LEVEL = "-O";
				VALIDATE_PRODUCT = YES;
			};
			name = Release;
		};
		4322500A29AB827C0054A0C5 /* Debug */ = {
			isa = XCBuildConfiguration;
			buildSettings = {
				ASSETCATALOG_COMPILER_APPICON_NAME = AppIcon;
				ASSETCATALOG_COMPILER_GLOBAL_ACCENT_COLOR_NAME = AccentColor;
				CODE_SIGN_STYLE = Automatic;
				CURRENT_PROJECT_VERSION = 1;
				DEVELOPMENT_TEAM = 8K52FAQ674;
				GENERATE_INFOPLIST_FILE = YES;
				INFOPLIST_FILE = KitBank/Info.plist;
				INFOPLIST_KEY_UIApplicationSupportsIndirectInputEvents = YES;
				INFOPLIST_KEY_UILaunchStoryboardName = LaunchScreen;
				INFOPLIST_KEY_UISupportedInterfaceOrientations_iPad = "UIInterfaceOrientationPortrait UIInterfaceOrientationPortraitUpsideDown UIInterfaceOrientationLandscapeLeft UIInterfaceOrientationLandscapeRight";
				INFOPLIST_KEY_UISupportedInterfaceOrientations_iPhone = "UIInterfaceOrientationPortrait UIInterfaceOrientationLandscapeLeft UIInterfaceOrientationLandscapeRight";
				LD_RUNPATH_SEARCH_PATHS = (
					"$(inherited)",
					"@executable_path/Frameworks",
				);
				MARKETING_VERSION = 1.0;
				PRODUCT_BUNDLE_IDENTIFIER = pae.KitBank;
				PRODUCT_NAME = "$(TARGET_NAME)";
				SWIFT_EMIT_LOC_STRINGS = YES;
				SWIFT_VERSION = 5.0;
				TARGETED_DEVICE_FAMILY = "1,2";
			};
			name = Debug;
		};
		4322500B29AB827C0054A0C5 /* Release */ = {
			isa = XCBuildConfiguration;
			buildSettings = {
				ASSETCATALOG_COMPILER_APPICON_NAME = AppIcon;
				ASSETCATALOG_COMPILER_GLOBAL_ACCENT_COLOR_NAME = AccentColor;
				CODE_SIGN_STYLE = Automatic;
				CURRENT_PROJECT_VERSION = 1;
				DEVELOPMENT_TEAM = 8K52FAQ674;
				GENERATE_INFOPLIST_FILE = YES;
				INFOPLIST_FILE = KitBank/Info.plist;
				INFOPLIST_KEY_UIApplicationSupportsIndirectInputEvents = YES;
				INFOPLIST_KEY_UILaunchStoryboardName = LaunchScreen;
				INFOPLIST_KEY_UISupportedInterfaceOrientations_iPad = "UIInterfaceOrientationPortrait UIInterfaceOrientationPortraitUpsideDown UIInterfaceOrientationLandscapeLeft UIInterfaceOrientationLandscapeRight";
				INFOPLIST_KEY_UISupportedInterfaceOrientations_iPhone = "UIInterfaceOrientationPortrait UIInterfaceOrientationLandscapeLeft UIInterfaceOrientationLandscapeRight";
				LD_RUNPATH_SEARCH_PATHS = (
					"$(inherited)",
					"@executable_path/Frameworks",
				);
				MARKETING_VERSION = 1.0;
				PRODUCT_BUNDLE_IDENTIFIER = pae.KitBank;
				PRODUCT_NAME = "$(TARGET_NAME)";
				SWIFT_EMIT_LOC_STRINGS = YES;
				SWIFT_VERSION = 5.0;
				TARGETED_DEVICE_FAMILY = "1,2";
			};
			name = Release;
		};
/* End XCBuildConfiguration section */

/* Begin XCConfigurationList section */
		43224FF029AB827A0054A0C5 /* Build configuration list for PBXProject "KitBank" */ = {
			isa = XCConfigurationList;
			buildConfigurations = (
				4322500729AB827C0054A0C5 /* Debug */,
				4322500829AB827C0054A0C5 /* Release */,
			);
			defaultConfigurationIsVisible = 0;
			defaultConfigurationName = Release;
		};
		4322500929AB827C0054A0C5 /* Build configuration list for PBXNativeTarget "KitBank" */ = {
			isa = XCConfigurationList;
			buildConfigurations = (
				4322500A29AB827C0054A0C5 /* Debug */,
				4322500B29AB827C0054A0C5 /* Release */,
			);
			defaultConfigurationIsVisible = 0;
			defaultConfigurationName = Release;
		};
/* End XCConfigurationList section */
	};
	rootObject = 43224FED29AB827A0054A0C5 /* Project object */;
}
